
Microsoft Visual Studio Solution File, Format Version 12.00
# Visual Studio 14
VisualStudioVersion = 14.0.25420.1
MinimumVisualStudioVersion = 10.0.40219.1
Project("{2150E333-8FDC-42A3-9474-1A3956D46DE8}") = "Engine", "Engine", "{7D277FF5-3805-42B6-ABCC-08DC57333B4E}"
EndProject
Project("{2150E333-8FDC-42A3-9474-1A3956D46DE8}") = "Games", "Games", "{F1A65559-1AF8-4447-888A-2AD4B8AE70D5}"
EndProject
Project("{8BC9CEB8-8B4A-11D0-8D11-00A0C91BC942}") = "UE4", "Intermediate\ProjectFiles\UE4.vcxproj", "{834554EC-D22E-434D-8686-9252BEC4F230}"
EndProject
Project("{8BC9CEB8-8B4A-11D0-8D11-00A0C91BC942}") = "ProckFPS", "Intermediate\ProjectFiles\ProckFPS.vcxproj", "{CB31F63C-CC0B-4E1C-AE15-65287A943095}"
EndProject
Global
	GlobalSection(SolutionConfigurationPlatforms) = preSolution
		DebugGame Editor|HTML5 = DebugGame Editor|HTML5
		DebugGame Editor|Win32 = DebugGame Editor|Win32
		DebugGame Editor|Win64 = DebugGame Editor|Win64
		DebugGame|HTML5 = DebugGame|HTML5
		DebugGame|Win32 = DebugGame|Win32
		DebugGame|Win64 = DebugGame|Win64
		Development Editor|HTML5 = Development Editor|HTML5
		Development Editor|Win32 = Development Editor|Win32
		Development Editor|Win64 = Development Editor|Win64
		Development|HTML5 = Development|HTML5
		Development|Win32 = Development|Win32
		Development|Win64 = Development|Win64
		Shipping|HTML5 = Shipping|HTML5
		Shipping|Win32 = Shipping|Win32
		Shipping|Win64 = Shipping|Win64
	EndGlobalSection
	GlobalSection(ProjectConfigurationPlatforms) = postSolution
		{834554EC-D22E-434D-8686-9252BEC4F230}.DebugGame Editor|HTML5.ActiveCfg = BuiltWithUnrealBuildTool|Win32
		{834554EC-D22E-434D-8686-9252BEC4F230}.DebugGame Editor|HTML5.Build.0 = BuiltWithUnrealBuildTool|Win32
		{834554EC-D22E-434D-8686-9252BEC4F230}.DebugGame Editor|Win32.ActiveCfg = BuiltWithUnrealBuildTool|Win32
		{834554EC-D22E-434D-8686-9252BEC4F230}.DebugGame Editor|Win32.Build.0 = BuiltWithUnrealBuildTool|Win32
		{834554EC-D22E-434D-8686-9252BEC4F230}.DebugGame Editor|Win64.ActiveCfg = BuiltWithUnrealBuildTool|Win32
		{834554EC-D22E-434D-8686-9252BEC4F230}.DebugGame Editor|Win64.Build.0 = BuiltWithUnrealBuildTool|Win32
		{834554EC-D22E-434D-8686-9252BEC4F230}.DebugGame|HTML5.ActiveCfg = BuiltWithUnrealBuildTool|Win32
		{834554EC-D22E-434D-8686-9252BEC4F230}.DebugGame|HTML5.Build.0 = BuiltWithUnrealBuildTool|Win32
		{834554EC-D22E-434D-8686-9252BEC4F230}.DebugGame|Win32.ActiveCfg = BuiltWithUnrealBuildTool|Win32
		{834554EC-D22E-434D-8686-9252BEC4F230}.DebugGame|Win32.Build.0 = BuiltWithUnrealBuildTool|Win32
		{834554EC-D22E-434D-8686-9252BEC4F230}.DebugGame|Win64.ActiveCfg = BuiltWithUnrealBuildTool|Win32
		{834554EC-D22E-434D-8686-9252BEC4F230}.DebugGame|Win64.Build.0 = BuiltWithUnrealBuildTool|Win32
		{834554EC-D22E-434D-8686-9252BEC4F230}.Development Editor|HTML5.ActiveCfg = BuiltWithUnrealBuildTool|Win32
		{834554EC-D22E-434D-8686-9252BEC4F230}.Development Editor|HTML5.Build.0 = BuiltWithUnrealBuildTool|Win32
		{834554EC-D22E-434D-8686-9252BEC4F230}.Development Editor|Win32.ActiveCfg = BuiltWithUnrealBuildTool|Win32
		{834554EC-D22E-434D-8686-9252BEC4F230}.Development Editor|Win32.Build.0 = BuiltWithUnrealBuildTool|Win32
		{834554EC-D22E-434D-8686-9252BEC4F230}.Development Editor|Win64.ActiveCfg = BuiltWithUnrealBuildTool|Win32
		{834554EC-D22E-434D-8686-9252BEC4F230}.Development Editor|Win64.Build.0 = BuiltWithUnrealBuildTool|Win32
		{834554EC-D22E-434D-8686-9252BEC4F230}.Development|HTML5.ActiveCfg = BuiltWithUnrealBuildTool|Win32
		{834554EC-D22E-434D-8686-9252BEC4F230}.Development|HTML5.Build.0 = BuiltWithUnrealBuildTool|Win32
		{834554EC-D22E-434D-8686-9252BEC4F230}.Development|Win32.ActiveCfg = BuiltWithUnrealBuildTool|Win32
		{834554EC-D22E-434D-8686-9252BEC4F230}.Development|Win32.Build.0 = BuiltWithUnrealBuildTool|Win32
		{834554EC-D22E-434D-8686-9252BEC4F230}.Development|Win64.ActiveCfg = BuiltWithUnrealBuildTool|Win32
		{834554EC-D22E-434D-8686-9252BEC4F230}.Development|Win64.Build.0 = BuiltWithUnrealBuildTool|Win32
		{834554EC-D22E-434D-8686-9252BEC4F230}.Shipping|HTML5.ActiveCfg = BuiltWithUnrealBuildTool|Win32
		{834554EC-D22E-434D-8686-9252BEC4F230}.Shipping|HTML5.Build.0 = BuiltWithUnrealBuildTool|Win32
		{834554EC-D22E-434D-8686-9252BEC4F230}.Shipping|Win32.ActiveCfg = BuiltWithUnrealBuildTool|Win32
		{834554EC-D22E-434D-8686-9252BEC4F230}.Shipping|Win32.Build.0 = BuiltWithUnrealBuildTool|Win32
		{834554EC-D22E-434D-8686-9252BEC4F230}.Shipping|Win64.ActiveCfg = BuiltWithUnrealBuildTool|Win32
		{834554EC-D22E-434D-8686-9252BEC4F230}.Shipping|Win64.Build.0 = BuiltWithUnrealBuildTool|Win32
		{CB31F63C-CC0B-4E1C-AE15-65287A943095}.DebugGame Editor|HTML5.ActiveCfg = HTML5_DebugGame_Editor|Win32
		{CB31F63C-CC0B-4E1C-AE15-65287A943095}.DebugGame Editor|Win32.ActiveCfg = DebugGame_Editor|Win32
		{CB31F63C-CC0B-4E1C-AE15-65287A943095}.DebugGame Editor|Win64.ActiveCfg = DebugGame_Editor|x64
		{CB31F63C-CC0B-4E1C-AE15-65287A943095}.DebugGame Editor|Win64.Build.0 = DebugGame_Editor|x64
		{CB31F63C-CC0B-4E1C-AE15-65287A943095}.DebugGame|HTML5.ActiveCfg = HTML5_DebugGame_Game|Win32
		{CB31F63C-CC0B-4E1C-AE15-65287A943095}.DebugGame|HTML5.Build.0 = HTML5_DebugGame_Game|Win32
		{CB31F63C-CC0B-4E1C-AE15-65287A943095}.DebugGame|Win32.ActiveCfg = DebugGame_Game|Win32
		{CB31F63C-CC0B-4E1C-AE15-65287A943095}.DebugGame|Win32.Build.0 = DebugGame_Game|Win32
		{CB31F63C-CC0B-4E1C-AE15-65287A943095}.DebugGame|Win64.ActiveCfg = DebugGame_Game|x64
		{CB31F63C-CC0B-4E1C-AE15-65287A943095}.DebugGame|Win64.Build.0 = DebugGame_Game|x64
		{CB31F63C-CC0B-4E1C-AE15-65287A943095}.Development Editor|HTML5.ActiveCfg = HTML5_Development_Editor|Win32
		{CB31F63C-CC0B-4E1C-AE15-65287A943095}.Development Editor|Win32.ActiveCfg = Development_Editor|Win32
		{CB31F63C-CC0B-4E1C-AE15-65287A943095}.Development Editor|Win64.ActiveCfg = Development_Editor|x64
		{CB31F63C-CC0B-4E1C-AE15-65287A943095}.Development Editor|Win64.Build.0 = Development_Editor|x64
		{CB31F63C-CC0B-4E1C-AE15-65287A943095}.Development|HTML5.ActiveCfg = HTML5_Development_Game|Win32
		{CB31F63C-CC0B-4E1C-AE15-65287A943095}.Development|HTML5.Build.0 = HTML5_Development_Game|Win32
		{CB31F63C-CC0B-4E1C-AE15-65287A943095}.Development|Win32.ActiveCfg = Development_Game|Win32
		{CB31F63C-CC0B-4E1C-AE15-65287A943095}.Development|Win32.Build.0 = Development_Game|Win32
		{CB31F63C-CC0B-4E1C-AE15-65287A943095}.Development|Win64.ActiveCfg = Development_Game|x64
		{CB31F63C-CC0B-4E1C-AE15-65287A943095}.Development|Win64.Build.0 = Development_Game|x64
		{CB31F63C-CC0B-4E1C-AE15-65287A943095}.Shipping|HTML5.ActiveCfg = HTML5_Shipping_Game|Win32
		{CB31F63C-CC0B-4E1C-AE15-65287A943095}.Shipping|HTML5.Build.0 = HTML5_Shipping_Game|Win32
		{CB31F63C-CC0B-4E1C-AE15-65287A943095}.Shipping|Win32.ActiveCfg = Shipping_Game|Win32
		{CB31F63C-CC0B-4E1C-AE15-65287A943095}.Shipping|Win32.Build.0 = Shipping_Game|Win32
		{CB31F63C-CC0B-4E1C-AE15-65287A943095}.Shipping|Win64.ActiveCfg = Shipping_Game|x64
		{CB31F63C-CC0B-4E1C-AE15-65287A943095}.Shipping|Win64.Build.0 = Shipping_Game|x64
	EndGlobalSection
	GlobalSection(SolutionProperties) = preSolution
		HideSolutionNode = FALSE
	EndGlobalSection
	GlobalSection(NestedProjects) = preSolution
		{834554EC-D22E-434D-8686-9252BEC4F230} = {7D277FF5-3805-42B6-ABCC-08DC57333B4E}
		{CB31F63C-CC0B-4E1C-AE15-65287A943095} = {F1A65559-1AF8-4447-888A-2AD4B8AE70D5}
	EndGlobalSection
EndGlobal
