
Microsoft Visual Studio Solution File, Format Version 12.00
# Visual Studio 14
VisualStudioVersion = 14.0.22310.1
MinimumVisualStudioVersion = 10.0.40219.1
Project("{2150E333-8FDC-42A3-9474-1A3956D46DE8}") = "Engine", "Engine", "{45CFB06E-987A-42E3-A45A-9BC9AF61CC73}"
EndProject
Project("{2150E333-8FDC-42A3-9474-1A3956D46DE8}") = "Games", "Games", "{EC800A69-9145-45C3-9A52-84B969C121BE}"
EndProject
Project("{8BC9CEB8-8B4A-11D0-8D11-00A0C91BC942}") = "UE4", "Intermediate\ProjectFiles\UE4.vcxproj", "{03B01C84-2CB4-499A-AB78-889C1A0191E8}"
EndProject
Project("{8BC9CEB8-8B4A-11D0-8D11-00A0C91BC942}") = "ProckFPS", "Intermediate\ProjectFiles\ProckFPS.vcxproj", "{4B59A13C-00BA-4CB0-A7DF-8F3C93C02BFB}"
EndProject
Global
	GlobalSection(SolutionConfigurationPlatforms) = preSolution
		DebugGame Editor|HTML5 = DebugGame Editor|HTML5
		DebugGame Editor|Win32 = DebugGame Editor|Win32
		DebugGame Editor|Win64 = DebugGame Editor|Win64
		DebugGame|HTML5 = DebugGame|HTML5
		DebugGame|Win32 = DebugGame|Win32
		DebugGame|Win64 = DebugGame|Win64
		Development Editor|HTML5 = Development Editor|HTML5
		Development Editor|Win32 = Development Editor|Win32
		Development Editor|Win64 = Development Editor|Win64
		Development|HTML5 = Development|HTML5
		Development|Win32 = Development|Win32
		Development|Win64 = Development|Win64
		Shipping|HTML5 = Shipping|HTML5
		Shipping|Win32 = Shipping|Win32
		Shipping|Win64 = Shipping|Win64
	EndGlobalSection
	GlobalSection(ProjectConfigurationPlatforms) = postSolution
		{E0CA43EC-3DF2-4458-A2F6-CA8EC22FCAF7}.DebugGame Editor|HTML5.ActiveCfg = HTML5_DebugGame_Editor|Win32
		{E0CA43EC-3DF2-4458-A2F6-CA8EC22FCAF7}.DebugGame Editor|Win32.ActiveCfg = DebugGame_Editor|Win32
		{E0CA43EC-3DF2-4458-A2F6-CA8EC22FCAF7}.DebugGame Editor|Win64.ActiveCfg = DebugGame_Editor|x64
		{E0CA43EC-3DF2-4458-A2F6-CA8EC22FCAF7}.DebugGame Editor|Win64.Build.0 = DebugGame_Editor|x64
		{E0CA43EC-3DF2-4458-A2F6-CA8EC22FCAF7}.DebugGame|HTML5.ActiveCfg = HTML5_DebugGame_Game|Win32
		{E0CA43EC-3DF2-4458-A2F6-CA8EC22FCAF7}.DebugGame|HTML5.Build.0 = HTML5_DebugGame_Game|Win32
		{E0CA43EC-3DF2-4458-A2F6-CA8EC22FCAF7}.DebugGame|Win32.ActiveCfg = DebugGame_Game|Win32
		{E0CA43EC-3DF2-4458-A2F6-CA8EC22FCAF7}.DebugGame|Win32.Build.0 = DebugGame_Game|Win32
		{E0CA43EC-3DF2-4458-A2F6-CA8EC22FCAF7}.DebugGame|Win64.ActiveCfg = DebugGame_Game|x64
		{E0CA43EC-3DF2-4458-A2F6-CA8EC22FCAF7}.DebugGame|Win64.Build.0 = DebugGame_Game|x64
		{E0CA43EC-3DF2-4458-A2F6-CA8EC22FCAF7}.Development Editor|HTML5.ActiveCfg = HTML5_Development_Editor|Win32
		{E0CA43EC-3DF2-4458-A2F6-CA8EC22FCAF7}.Development Editor|Win32.ActiveCfg = Development_Editor|Win32
		{E0CA43EC-3DF2-4458-A2F6-CA8EC22FCAF7}.Development Editor|Win64.ActiveCfg = Development_Editor|x64
		{E0CA43EC-3DF2-4458-A2F6-CA8EC22FCAF7}.Development Editor|Win64.Build.0 = Development_Editor|x64
		{E0CA43EC-3DF2-4458-A2F6-CA8EC22FCAF7}.Development|HTML5.ActiveCfg = HTML5_Development_Game|Win32
		{E0CA43EC-3DF2-4458-A2F6-CA8EC22FCAF7}.Development|HTML5.Build.0 = HTML5_Development_Game|Win32
		{E0CA43EC-3DF2-4458-A2F6-CA8EC22FCAF7}.Development|Win32.ActiveCfg = Development_Game|Win32
		{E0CA43EC-3DF2-4458-A2F6-CA8EC22FCAF7}.Development|Win32.Build.0 = Development_Game|Win32
		{E0CA43EC-3DF2-4458-A2F6-CA8EC22FCAF7}.Development|Win64.ActiveCfg = Development_Game|x64
		{E0CA43EC-3DF2-4458-A2F6-CA8EC22FCAF7}.Development|Win64.Build.0 = Development_Game|x64
		{E0CA43EC-3DF2-4458-A2F6-CA8EC22FCAF7}.Shipping|HTML5.ActiveCfg = HTML5_Shipping_Game|Win32
		{E0CA43EC-3DF2-4458-A2F6-CA8EC22FCAF7}.Shipping|HTML5.Build.0 = HTML5_Shipping_Game|Win32
		{E0CA43EC-3DF2-4458-A2F6-CA8EC22FCAF7}.Shipping|Win32.ActiveCfg = Shipping_Game|Win32
		{E0CA43EC-3DF2-4458-A2F6-CA8EC22FCAF7}.Shipping|Win32.Build.0 = Shipping_Game|Win32
		{E0CA43EC-3DF2-4458-A2F6-CA8EC22FCAF7}.Shipping|Win64.ActiveCfg = Shipping_Game|x64
		{E0CA43EC-3DF2-4458-A2F6-CA8EC22FCAF7}.Shipping|Win64.Build.0 = Shipping_Game|x64
	EndGlobalSection
	GlobalSection(SolutionProperties) = preSolution
		HideSolutionNode = FALSE
	EndGlobalSection
	GlobalSection(NestedProjects) = preSolution
		{5C362CFA-8B3F-45C3-BB51-6D49E53CBF57} = {45CFB06E-987A-42E3-A45A-9BC9AF61CC73}
		{E0CA43EC-3DF2-4458-A2F6-CA8EC22FCAF7} = {EC800A69-9145-45C3-9A52-84B969C121BE}
	EndGlobalSection
EndGlobal
